<?xml version="1.0" encoding="UTF-8" standalone="yes" ?>
<CodeBlocks_project_file>
	<FileVersion major="1" minor="6" />
	<Project>
		<Option title="carinha" />
		<Option pch_mode="2" />
		<Option compiler="gcc" />
		<Option virtualFolders="glyph_data/" />
		<Build>
			<Target title="Debug">
				<Option output="bin/Debug/carinha" prefix_auto="1" extension_auto="1" />
				<Option object_output="obj/Debug/" />
				<Option type="1" />
				<Option compiler="gcc" />
				<Compiler>
					<Add option="-g" />
				</Compiler>
			</Target>
			<Target title="Release">
				<Option output="bin/Release/carinha" prefix_auto="1" extension_auto="1" />
				<Option object_output="obj/Release/" />
				<Option type="1" />
				<Option compiler="gcc" />
				<Compiler>
					<Add option="-O2" />
				</Compiler>
				<Linker>
					<Add option="-s" />
				</Linker>
			</Target>
		</Build>
		<Compiler>
			<Add option="-Wall" />
		</Compiler>
		<Unit filename="A.c">
			<Option compilerVar="CC" />
			<Option virtualFolder="glyph_data/" />
		</Unit>
		<Unit filename="B.c">
			<Option compilerVar="CC" />
			<Option virtualFolder="glyph_data/" />
		</Unit>
		<Unit filename="V.c">
			<Option compilerVar="CC" />
			<Option virtualFolder="glyph_data/" />
		</Unit>
		<Unit filename="Y.c">
			<Option compilerVar="CC" />
			<Option virtualFolder="glyph_data/" />
		</Unit>
		<Unit filename="carinha.c">
			<Option compilerVar="CC" />
		</Unit>
		<Unit filename="carinha.h" />
		<Unit filename="glyph.h" />
		<Unit filename="glyph_render.c">
			<Option compilerVar="CC" />
		</Unit>
		<Unit filename="heart.c">
			<Option compilerVar="CC" />
			<Option virtualFolder="glyph_data/" />
		</Unit>
		<Unit filename="letras.txt" />
		<Unit filename="main.c">
			<Option compilerVar="CC" />
		</Unit>
		<Unit filename="mapa.txt" />
		<Extensions>
			<lib_finder disable_auto="1" />
		</Extensions>
	</Project>
</CodeBlocks_project_file>
